
Microsoft Visual Studio Solution File, Format Version 12.00
# Visual Studio Version 16
VisualStudioVersion = 25.0.1706.6
MinimumVisualStudioVersion = 10.0.40219.1
Project("{FAE04EC0-301F-11D3-BF4B-00C04F79EFBC}") = "UnturnedMaxSkills", "UnturnedMaxSkills.csproj", "{9CA60F30-8862-4DC6-B545-E9479EBF3EF6}"
EndProject
Global
	GlobalSection(SolutionConfigurationPlatforms) = preSolution
		Debug|Any CPU = Debug|Any CPU
		Release|Any CPU = Release|Any CPU
	EndGlobalSection
	GlobalSection(ProjectConfigurationPlatforms) = postSolution
		{9CA60F30-8862-4DC6-B545-E9479EBF3EF6}.Debug|Any CPU.ActiveCfg = Debug|Any CPU
		{9CA60F30-8862-4DC6-B545-E9479EBF3EF6}.Debug|Any CPU.Build.0 = Debug|Any CPU
		{9CA60F30-8862-4DC6-B545-E9479EBF3EF6}.Release|Any CPU.ActiveCfg = Release|Any CPU
		{9CA60F30-8862-4DC6-B545-E9479EBF3EF6}.Release|Any CPU.Build.0 = Release|Any CPU
	EndGlobalSection
	GlobalSection(SolutionProperties) = preSolution
		HideSolutionNode = FALSE
	EndGlobalSection
	GlobalSection(ExtensibilityGlobals) = postSolution
		SolutionGuid = {A544D0DD-94E3-4553-A182-29F116FFCEE2}
	EndGlobalSection
EndGlobal
